
Microsoft Visual Studio Solution File, Format Version 12.00
# Visual Studio Version 17
VisualStudioVersion = 17.11.35327.3
MinimumVisualStudioVersion = 10.0.40219.1
Project("{2150E333-8FDC-42A3-9474-1A3956D46DE8}") = "src", "src", "{7E6D2605-F066-40E4-B3B9-B9439E2F2E25}"
EndProject
Project("{2150E333-8FDC-42A3-9474-1A3956D46DE8}") = "Api", "Api", "{23589D44-D547-4EBC-A2CA-79B45F0DCA92}"
EndProject
Project("{FAE04EC0-301F-11D3-BF4B-00C04F79EFBC}") = "BhvrIV.Api", "src\Api\BhvrIV.Api\BhvrIV.Api.csproj", "{66ABE5BA-A98C-48E8-B627-4D4F274EF540}"
EndProject
Project("{2150E333-8FDC-42A3-9474-1A3956D46DE8}") = "Core", "Core", "{4E6DDA24-3DDE-4D34-BCCD-11CC34D0A6A5}"
EndProject
Project("{FAE04EC0-301F-11D3-BF4B-00C04F79EFBC}") = "BhvrIV.Domain", "src\Core\BhvrIV.Domain\BhvrIV.Domain.csproj", "{0A6347EE-01AF-473D-941A-A34236C7B676}"
EndProject
Project("{FAE04EC0-301F-11D3-BF4B-00C04F79EFBC}") = "BhvrIV.Application", "src\Core\BhvrIV.Application\BhvrIV.Application.csproj", "{065D3C12-C717-4751-A8BE-B67FA364DA01}"
EndProject
Project("{2150E333-8FDC-42A3-9474-1A3956D46DE8}") = "Infrastructure", "Infrastructure", "{BD0B251E-5468-4247-82AC-ADC53DC00CA9}"
EndProject
Project("{FAE04EC0-301F-11D3-BF4B-00C04F79EFBC}") = "BhvrIV.Persistence.Ef", "src\Infrastructure\BhvrIV.Persistence.Ef\BhvrIV.Persistence.Ef.csproj", "{9E78B869-0DCD-4AC3-AA1E-67AF6760304A}"
EndProject
Project("{FAE04EC0-301F-11D3-BF4B-00C04F79EFBC}") = "BhvrIV.Framework", "src\Api\BhvrIV.Framework\BhvrIV.Framework.csproj", "{BE6B8638-BB25-446C-B51A-2DD67F338F5B}"
EndProject
Project("{FAE04EC0-301F-11D3-BF4B-00C04F79EFBC}") = "BhvrIV.Persistence.Sql", "src\Infrastructure\BhvrIV.Persistence.Sql\BhvrIV.Persistence.Sql.csproj", "{D981E77A-3FE2-4A82-A21D-A26470DBD23F}"
EndProject
Global
	GlobalSection(SolutionConfigurationPlatforms) = preSolution
		Debug|Any CPU = Debug|Any CPU
		Release|Any CPU = Release|Any CPU
	EndGlobalSection
	GlobalSection(ProjectConfigurationPlatforms) = postSolution
		{66ABE5BA-A98C-48E8-B627-4D4F274EF540}.Debug|Any CPU.ActiveCfg = Debug|Any CPU
		{66ABE5BA-A98C-48E8-B627-4D4F274EF540}.Debug|Any CPU.Build.0 = Debug|Any CPU
		{66ABE5BA-A98C-48E8-B627-4D4F274EF540}.Release|Any CPU.ActiveCfg = Release|Any CPU
		{66ABE5BA-A98C-48E8-B627-4D4F274EF540}.Release|Any CPU.Build.0 = Release|Any CPU
		{0A6347EE-01AF-473D-941A-A34236C7B676}.Debug|Any CPU.ActiveCfg = Debug|Any CPU
		{0A6347EE-01AF-473D-941A-A34236C7B676}.Debug|Any CPU.Build.0 = Debug|Any CPU
		{0A6347EE-01AF-473D-941A-A34236C7B676}.Release|Any CPU.ActiveCfg = Release|Any CPU
		{0A6347EE-01AF-473D-941A-A34236C7B676}.Release|Any CPU.Build.0 = Release|Any CPU
		{065D3C12-C717-4751-A8BE-B67FA364DA01}.Debug|Any CPU.ActiveCfg = Debug|Any CPU
		{065D3C12-C717-4751-A8BE-B67FA364DA01}.Debug|Any CPU.Build.0 = Debug|Any CPU
		{065D3C12-C717-4751-A8BE-B67FA364DA01}.Release|Any CPU.ActiveCfg = Release|Any CPU
		{065D3C12-C717-4751-A8BE-B67FA364DA01}.Release|Any CPU.Build.0 = Release|Any CPU
		{9E78B869-0DCD-4AC3-AA1E-67AF6760304A}.Debug|Any CPU.ActiveCfg = Debug|Any CPU
		{9E78B869-0DCD-4AC3-AA1E-67AF6760304A}.Debug|Any CPU.Build.0 = Debug|Any CPU
		{9E78B869-0DCD-4AC3-AA1E-67AF6760304A}.Release|Any CPU.ActiveCfg = Release|Any CPU
		{9E78B869-0DCD-4AC3-AA1E-67AF6760304A}.Release|Any CPU.Build.0 = Release|Any CPU
		{BE6B8638-BB25-446C-B51A-2DD67F338F5B}.Debug|Any CPU.ActiveCfg = Debug|Any CPU
		{BE6B8638-BB25-446C-B51A-2DD67F338F5B}.Debug|Any CPU.Build.0 = Debug|Any CPU
		{BE6B8638-BB25-446C-B51A-2DD67F338F5B}.Release|Any CPU.ActiveCfg = Release|Any CPU
		{BE6B8638-BB25-446C-B51A-2DD67F338F5B}.Release|Any CPU.Build.0 = Release|Any CPU
		{D981E77A-3FE2-4A82-A21D-A26470DBD23F}.Debug|Any CPU.ActiveCfg = Debug|Any CPU
		{D981E77A-3FE2-4A82-A21D-A26470DBD23F}.Debug|Any CPU.Build.0 = Debug|Any CPU
		{D981E77A-3FE2-4A82-A21D-A26470DBD23F}.Release|Any CPU.ActiveCfg = Release|Any CPU
		{D981E77A-3FE2-4A82-A21D-A26470DBD23F}.Release|Any CPU.Build.0 = Release|Any CPU
	EndGlobalSection
	GlobalSection(SolutionProperties) = preSolution
		HideSolutionNode = FALSE
	EndGlobalSection
	GlobalSection(NestedProjects) = preSolution
		{23589D44-D547-4EBC-A2CA-79B45F0DCA92} = {7E6D2605-F066-40E4-B3B9-B9439E2F2E25}
		{66ABE5BA-A98C-48E8-B627-4D4F274EF540} = {23589D44-D547-4EBC-A2CA-79B45F0DCA92}
		{4E6DDA24-3DDE-4D34-BCCD-11CC34D0A6A5} = {7E6D2605-F066-40E4-B3B9-B9439E2F2E25}
		{0A6347EE-01AF-473D-941A-A34236C7B676} = {4E6DDA24-3DDE-4D34-BCCD-11CC34D0A6A5}
		{065D3C12-C717-4751-A8BE-B67FA364DA01} = {4E6DDA24-3DDE-4D34-BCCD-11CC34D0A6A5}
		{BD0B251E-5468-4247-82AC-ADC53DC00CA9} = {7E6D2605-F066-40E4-B3B9-B9439E2F2E25}
		{9E78B869-0DCD-4AC3-AA1E-67AF6760304A} = {BD0B251E-5468-4247-82AC-ADC53DC00CA9}
		{BE6B8638-BB25-446C-B51A-2DD67F338F5B} = {23589D44-D547-4EBC-A2CA-79B45F0DCA92}
		{D981E77A-3FE2-4A82-A21D-A26470DBD23F} = {BD0B251E-5468-4247-82AC-ADC53DC00CA9}
	EndGlobalSection
	GlobalSection(ExtensibilityGlobals) = postSolution
		SolutionGuid = {CCE7FFF3-95A9-49CF-93B1-9BF752077DB6}
	EndGlobalSection
EndGlobal
